
Microsoft Visual Studio Solution File, Format Version 12.00
# Visual Studio 14
VisualStudioVersion = 14.0.23107.0
MinimumVisualStudioVersion = 10.0.40219.1
Project("{FAE04EC0-301F-11D3-BF4B-00C04F79EFBC}") = "CompaniesRelations.BL", "CompaniesRelations.BL\CompaniesRelations.BL.csproj", "{BB0ED4C4-423C-4F1E-A9B4-5D0928DFF349}"
EndProject
Project("{FAE04EC0-301F-11D3-BF4B-00C04F79EFBC}") = "CompaniesRelations.DAL", "CompaniesRelations.DAL\CompaniesRelations.DAL.csproj", "{F858A87E-AE02-4400-AD07-841B9B6506B1}"
EndProject
Project("{FAE04EC0-301F-11D3-BF4B-00C04F79EFBC}") = "CompaniesRelations.API", "CompaniesRelations.API\CompaniesRelations.API.csproj", "{C32E3478-64C1-4822-8BFE-59495EF4B784}"
EndProject
Global
	GlobalSection(SolutionConfigurationPlatforms) = preSolution
		Debug|Any CPU = Debug|Any CPU
		Release|Any CPU = Release|Any CPU
	EndGlobalSection
	GlobalSection(ProjectConfigurationPlatforms) = postSolution
		{BB0ED4C4-423C-4F1E-A9B4-5D0928DFF349}.Debug|Any CPU.ActiveCfg = Debug|Any CPU
		{BB0ED4C4-423C-4F1E-A9B4-5D0928DFF349}.Debug|Any CPU.Build.0 = Debug|Any CPU
		{BB0ED4C4-423C-4F1E-A9B4-5D0928DFF349}.Release|Any CPU.ActiveCfg = Release|Any CPU
		{BB0ED4C4-423C-4F1E-A9B4-5D0928DFF349}.Release|Any CPU.Build.0 = Release|Any CPU
		{F858A87E-AE02-4400-AD07-841B9B6506B1}.Debug|Any CPU.ActiveCfg = Debug|Any CPU
		{F858A87E-AE02-4400-AD07-841B9B6506B1}.Debug|Any CPU.Build.0 = Debug|Any CPU
		{F858A87E-AE02-4400-AD07-841B9B6506B1}.Release|Any CPU.ActiveCfg = Release|Any CPU
		{F858A87E-AE02-4400-AD07-841B9B6506B1}.Release|Any CPU.Build.0 = Release|Any CPU
		{C32E3478-64C1-4822-8BFE-59495EF4B784}.Debug|Any CPU.ActiveCfg = Debug|Any CPU
		{C32E3478-64C1-4822-8BFE-59495EF4B784}.Debug|Any CPU.Build.0 = Debug|Any CPU
		{C32E3478-64C1-4822-8BFE-59495EF4B784}.Release|Any CPU.ActiveCfg = Release|Any CPU
		{C32E3478-64C1-4822-8BFE-59495EF4B784}.Release|Any CPU.Build.0 = Release|Any CPU
	EndGlobalSection
	GlobalSection(SolutionProperties) = preSolution
		HideSolutionNode = FALSE
	EndGlobalSection
EndGlobal
